
Microsoft Visual Studio Solution File, Format Version 12.00
# Visual Studio Version 17
VisualStudioVersion = 17.0.32112.339
MinimumVisualStudioVersion = 10.0.40219.1
Project("{2150E333-8FDC-42A3-9474-1A3956D46DE8}") = "src", "src", "{C831BC96-7D7E-48D6-B9D9-24883D6522FA}"
EndProject
Project("{2150E333-8FDC-42A3-9474-1A3956D46DE8}") = "tests", "tests", "{A54FF779-D8CF-4A2D-BB61-516B2112ABB7}"
EndProject
Project("{2150E333-8FDC-42A3-9474-1A3956D46DE8}") = "Services", "Services", "{EDFDE521-5622-4E21-B839-28B2867B2314}"
EndProject
Project("{2150E333-8FDC-42A3-9474-1A3956D46DE8}") = "Account", "Account", "{F79A2297-C21E-4CF8-8626-48B6F87AFA2A}"
EndProject
Project("{2150E333-8FDC-42A3-9474-1A3956D46DE8}") = "Payment", "Payment", "{7F5D28AA-0258-4ABB-9D79-4A67E386E459}"
EndProject
Project("{2150E333-8FDC-42A3-9474-1A3956D46DE8}") = "Foundation", "Foundation", "{E6ED75C2-7A82-4D9B-856A-6AA87108B96E}"
EndProject
Project("{2150E333-8FDC-42A3-9474-1A3956D46DE8}") = "Subscription", "Subscription", "{2E2CB24C-87A7-4D47-84F0-66192A28D7F6}"
EndProject
Project("{9A19103F-16F7-4668-BE54-9A1E7A4F7556}") = "AccountService.API", "src\Services\Account\API\AccountService.API.csproj", "{C75ECA72-D2DC-4F25-BE6D-794F1E7D0A67}"
EndProject
Project("{9A19103F-16F7-4668-BE54-9A1E7A4F7556}") = "AccountService.Application", "src\Services\Account\Application\AccountService.Application.csproj", "{68E9B8B1-6747-4ABB-AA17-4B435B8A7141}"
EndProject
Project("{9A19103F-16F7-4668-BE54-9A1E7A4F7556}") = "AccountService.DataAccess", "src\Services\Account\DataAccess\AccountService.DataAccess.csproj", "{066FC305-4DA7-4244-8965-0FC269F316FA}"
EndProject
Project("{9A19103F-16F7-4668-BE54-9A1E7A4F7556}") = "AccountService.Domain", "src\Services\Account\Domain\AccountService.Domain.csproj", "{DD3C6A95-F1A6-4772-B2A6-8CA73996A948}"
EndProject
Project("{9A19103F-16F7-4668-BE54-9A1E7A4F7556}") = "FoundationService.API", "src\Services\Foundation\API\FoundationService.API.csproj", "{73DF12AD-D59C-4BB0-8A14-E16043C3D2FE}"
EndProject
Project("{9A19103F-16F7-4668-BE54-9A1E7A4F7556}") = "FoundationService.DataAccess", "src\Services\Foundation\DataAccess\FoundationService.DataAccess.csproj", "{6FC63E51-DDA0-4214-BF91-7A4456D91F0B}"
EndProject
Project("{9A19103F-16F7-4668-BE54-9A1E7A4F7556}") = "FoundationService.Application", "src\Services\Foundation\Application\FoundationService.Application.csproj", "{CDFB125F-6769-434D-B07A-E51AEF4064D3}"
EndProject
Project("{9A19103F-16F7-4668-BE54-9A1E7A4F7556}") = "FoundationService.Domain", "src\Services\Foundation\Domain\FoundationService.Domain.csproj", "{657FF020-81DB-4797-AE18-EF02A0373BA0}"
EndProject
Project("{9A19103F-16F7-4668-BE54-9A1E7A4F7556}") = "PaymentService.API", "src\Services\Payment\API\PaymentService.API.csproj", "{CEA5A8A6-62F4-4BB6-BFE2-D83AD69E3E55}"
EndProject
Project("{9A19103F-16F7-4668-BE54-9A1E7A4F7556}") = "PaymentService.Application", "src\Services\Payment\Application\PaymentService.Application.csproj", "{A5C565FD-98DE-4225-BBEC-F6249D0CBBA3}"
EndProject
Project("{9A19103F-16F7-4668-BE54-9A1E7A4F7556}") = "PaymentService.DataAccess", "src\Services\Payment\DataAccess\PaymentService.DataAccess.csproj", "{5D478733-A93F-422C-A41A-19529CFD5238}"
EndProject
Project("{9A19103F-16F7-4668-BE54-9A1E7A4F7556}") = "PaymentService.Domain", "src\Services\Payment\Domain\PaymentService.Domain.csproj", "{FD29200A-AED0-4772-99E3-C82325868301}"
EndProject
Project("{9A19103F-16F7-4668-BE54-9A1E7A4F7556}") = "SubscriptionService.API", "src\Services\Subscription\API\SubscriptionService.API.csproj", "{6F193617-EE27-4F26-B16F-A357D5858238}"
EndProject
Project("{9A19103F-16F7-4668-BE54-9A1E7A4F7556}") = "SubscriptionService.Application", "src\Services\Subscription\Application\SubscriptionService.Application.csproj", "{4885D8A7-3DC6-453B-B626-5BE47E573386}"
EndProject
Project("{9A19103F-16F7-4668-BE54-9A1E7A4F7556}") = "SubscriptionService.DataAccess", "src\Services\Subscription\DataAccess\SubscriptionService.DataAccess.csproj", "{8181CD46-259D-41B0-A62D-BC98206E2BD4}"
EndProject
Project("{9A19103F-16F7-4668-BE54-9A1E7A4F7556}") = "SubscriptionService.Domain", "src\Services\Subscription\Domain\SubscriptionService.Domain.csproj", "{DE893F76-E34B-4F7E-8267-A2128B6917A3}"
EndProject
Project("{2150E333-8FDC-42A3-9474-1A3956D46DE8}") = "Gateways", "Gateways", "{5F96AB9B-5CF5-4A74-857B-FA7F81DE8A94}"
EndProject
Project("{9A19103F-16F7-4668-BE54-9A1E7A4F7556}") = "Web.ApiGateway", "src\Gateways\Web.ApiGateway\Web.ApiGateway.csproj", "{A15AD2D0-4DA9-473D-8B9A-0203296336EC}"
EndProject
Global
	GlobalSection(SolutionConfigurationPlatforms) = preSolution
		Debug|Any CPU = Debug|Any CPU
		Release|Any CPU = Release|Any CPU
	EndGlobalSection
	GlobalSection(ProjectConfigurationPlatforms) = postSolution
		{C75ECA72-D2DC-4F25-BE6D-794F1E7D0A67}.Debug|Any CPU.ActiveCfg = Debug|Any CPU
		{C75ECA72-D2DC-4F25-BE6D-794F1E7D0A67}.Debug|Any CPU.Build.0 = Debug|Any CPU
		{C75ECA72-D2DC-4F25-BE6D-794F1E7D0A67}.Release|Any CPU.ActiveCfg = Release|Any CPU
		{C75ECA72-D2DC-4F25-BE6D-794F1E7D0A67}.Release|Any CPU.Build.0 = Release|Any CPU
		{68E9B8B1-6747-4ABB-AA17-4B435B8A7141}.Debug|Any CPU.ActiveCfg = Debug|Any CPU
		{68E9B8B1-6747-4ABB-AA17-4B435B8A7141}.Debug|Any CPU.Build.0 = Debug|Any CPU
		{68E9B8B1-6747-4ABB-AA17-4B435B8A7141}.Release|Any CPU.ActiveCfg = Release|Any CPU
		{68E9B8B1-6747-4ABB-AA17-4B435B8A7141}.Release|Any CPU.Build.0 = Release|Any CPU
		{066FC305-4DA7-4244-8965-0FC269F316FA}.Debug|Any CPU.ActiveCfg = Debug|Any CPU
		{066FC305-4DA7-4244-8965-0FC269F316FA}.Debug|Any CPU.Build.0 = Debug|Any CPU
		{066FC305-4DA7-4244-8965-0FC269F316FA}.Release|Any CPU.ActiveCfg = Release|Any CPU
		{066FC305-4DA7-4244-8965-0FC269F316FA}.Release|Any CPU.Build.0 = Release|Any CPU
		{DD3C6A95-F1A6-4772-B2A6-8CA73996A948}.Debug|Any CPU.ActiveCfg = Debug|Any CPU
		{DD3C6A95-F1A6-4772-B2A6-8CA73996A948}.Debug|Any CPU.Build.0 = Debug|Any CPU
		{DD3C6A95-F1A6-4772-B2A6-8CA73996A948}.Release|Any CPU.ActiveCfg = Release|Any CPU
		{DD3C6A95-F1A6-4772-B2A6-8CA73996A948}.Release|Any CPU.Build.0 = Release|Any CPU
		{73DF12AD-D59C-4BB0-8A14-E16043C3D2FE}.Debug|Any CPU.ActiveCfg = Debug|Any CPU
		{73DF12AD-D59C-4BB0-8A14-E16043C3D2FE}.Debug|Any CPU.Build.0 = Debug|Any CPU
		{73DF12AD-D59C-4BB0-8A14-E16043C3D2FE}.Release|Any CPU.ActiveCfg = Release|Any CPU
		{73DF12AD-D59C-4BB0-8A14-E16043C3D2FE}.Release|Any CPU.Build.0 = Release|Any CPU
		{6FC63E51-DDA0-4214-BF91-7A4456D91F0B}.Debug|Any CPU.ActiveCfg = Debug|Any CPU
		{6FC63E51-DDA0-4214-BF91-7A4456D91F0B}.Debug|Any CPU.Build.0 = Debug|Any CPU
		{6FC63E51-DDA0-4214-BF91-7A4456D91F0B}.Release|Any CPU.ActiveCfg = Release|Any CPU
		{6FC63E51-DDA0-4214-BF91-7A4456D91F0B}.Release|Any CPU.Build.0 = Release|Any CPU
		{CDFB125F-6769-434D-B07A-E51AEF4064D3}.Debug|Any CPU.ActiveCfg = Debug|Any CPU
		{CDFB125F-6769-434D-B07A-E51AEF4064D3}.Debug|Any CPU.Build.0 = Debug|Any CPU
		{CDFB125F-6769-434D-B07A-E51AEF4064D3}.Release|Any CPU.ActiveCfg = Release|Any CPU
		{CDFB125F-6769-434D-B07A-E51AEF4064D3}.Release|Any CPU.Build.0 = Release|Any CPU
		{657FF020-81DB-4797-AE18-EF02A0373BA0}.Debug|Any CPU.ActiveCfg = Debug|Any CPU
		{657FF020-81DB-4797-AE18-EF02A0373BA0}.Debug|Any CPU.Build.0 = Debug|Any CPU
		{657FF020-81DB-4797-AE18-EF02A0373BA0}.Release|Any CPU.ActiveCfg = Release|Any CPU
		{657FF020-81DB-4797-AE18-EF02A0373BA0}.Release|Any CPU.Build.0 = Release|Any CPU
		{CEA5A8A6-62F4-4BB6-BFE2-D83AD69E3E55}.Debug|Any CPU.ActiveCfg = Debug|Any CPU
		{CEA5A8A6-62F4-4BB6-BFE2-D83AD69E3E55}.Debug|Any CPU.Build.0 = Debug|Any CPU
		{CEA5A8A6-62F4-4BB6-BFE2-D83AD69E3E55}.Release|Any CPU.ActiveCfg = Release|Any CPU
		{CEA5A8A6-62F4-4BB6-BFE2-D83AD69E3E55}.Release|Any CPU.Build.0 = Release|Any CPU
		{A5C565FD-98DE-4225-BBEC-F6249D0CBBA3}.Debug|Any CPU.ActiveCfg = Debug|Any CPU
		{A5C565FD-98DE-4225-BBEC-F6249D0CBBA3}.Debug|Any CPU.Build.0 = Debug|Any CPU
		{A5C565FD-98DE-4225-BBEC-F6249D0CBBA3}.Release|Any CPU.ActiveCfg = Release|Any CPU
		{A5C565FD-98DE-4225-BBEC-F6249D0CBBA3}.Release|Any CPU.Build.0 = Release|Any CPU
		{5D478733-A93F-422C-A41A-19529CFD5238}.Debug|Any CPU.ActiveCfg = Debug|Any CPU
		{5D478733-A93F-422C-A41A-19529CFD5238}.Debug|Any CPU.Build.0 = Debug|Any CPU
		{5D478733-A93F-422C-A41A-19529CFD5238}.Release|Any CPU.ActiveCfg = Release|Any CPU
		{5D478733-A93F-422C-A41A-19529CFD5238}.Release|Any CPU.Build.0 = Release|Any CPU
		{FD29200A-AED0-4772-99E3-C82325868301}.Debug|Any CPU.ActiveCfg = Debug|Any CPU
		{FD29200A-AED0-4772-99E3-C82325868301}.Debug|Any CPU.Build.0 = Debug|Any CPU
		{FD29200A-AED0-4772-99E3-C82325868301}.Release|Any CPU.ActiveCfg = Release|Any CPU
		{FD29200A-AED0-4772-99E3-C82325868301}.Release|Any CPU.Build.0 = Release|Any CPU
		{6F193617-EE27-4F26-B16F-A357D5858238}.Debug|Any CPU.ActiveCfg = Debug|Any CPU
		{6F193617-EE27-4F26-B16F-A357D5858238}.Debug|Any CPU.Build.0 = Debug|Any CPU
		{6F193617-EE27-4F26-B16F-A357D5858238}.Release|Any CPU.ActiveCfg = Release|Any CPU
		{6F193617-EE27-4F26-B16F-A357D5858238}.Release|Any CPU.Build.0 = Release|Any CPU
		{4885D8A7-3DC6-453B-B626-5BE47E573386}.Debug|Any CPU.ActiveCfg = Debug|Any CPU
		{4885D8A7-3DC6-453B-B626-5BE47E573386}.Debug|Any CPU.Build.0 = Debug|Any CPU
		{4885D8A7-3DC6-453B-B626-5BE47E573386}.Release|Any CPU.ActiveCfg = Release|Any CPU
		{4885D8A7-3DC6-453B-B626-5BE47E573386}.Release|Any CPU.Build.0 = Release|Any CPU
		{8181CD46-259D-41B0-A62D-BC98206E2BD4}.Debug|Any CPU.ActiveCfg = Debug|Any CPU
		{8181CD46-259D-41B0-A62D-BC98206E2BD4}.Debug|Any CPU.Build.0 = Debug|Any CPU
		{8181CD46-259D-41B0-A62D-BC98206E2BD4}.Release|Any CPU.ActiveCfg = Release|Any CPU
		{8181CD46-259D-41B0-A62D-BC98206E2BD4}.Release|Any CPU.Build.0 = Release|Any CPU
		{DE893F76-E34B-4F7E-8267-A2128B6917A3}.Debug|Any CPU.ActiveCfg = Debug|Any CPU
		{DE893F76-E34B-4F7E-8267-A2128B6917A3}.Debug|Any CPU.Build.0 = Debug|Any CPU
		{DE893F76-E34B-4F7E-8267-A2128B6917A3}.Release|Any CPU.ActiveCfg = Release|Any CPU
		{DE893F76-E34B-4F7E-8267-A2128B6917A3}.Release|Any CPU.Build.0 = Release|Any CPU
		{A15AD2D0-4DA9-473D-8B9A-0203296336EC}.Debug|Any CPU.ActiveCfg = Debug|Any CPU
		{A15AD2D0-4DA9-473D-8B9A-0203296336EC}.Debug|Any CPU.Build.0 = Debug|Any CPU
		{A15AD2D0-4DA9-473D-8B9A-0203296336EC}.Release|Any CPU.ActiveCfg = Release|Any CPU
		{A15AD2D0-4DA9-473D-8B9A-0203296336EC}.Release|Any CPU.Build.0 = Release|Any CPU
	EndGlobalSection
	GlobalSection(SolutionProperties) = preSolution
		HideSolutionNode = FALSE
	EndGlobalSection
	GlobalSection(NestedProjects) = preSolution
		{EDFDE521-5622-4E21-B839-28B2867B2314} = {C831BC96-7D7E-48D6-B9D9-24883D6522FA}
		{F79A2297-C21E-4CF8-8626-48B6F87AFA2A} = {EDFDE521-5622-4E21-B839-28B2867B2314}
		{7F5D28AA-0258-4ABB-9D79-4A67E386E459} = {EDFDE521-5622-4E21-B839-28B2867B2314}
		{E6ED75C2-7A82-4D9B-856A-6AA87108B96E} = {EDFDE521-5622-4E21-B839-28B2867B2314}
		{2E2CB24C-87A7-4D47-84F0-66192A28D7F6} = {EDFDE521-5622-4E21-B839-28B2867B2314}
		{C75ECA72-D2DC-4F25-BE6D-794F1E7D0A67} = {F79A2297-C21E-4CF8-8626-48B6F87AFA2A}
		{68E9B8B1-6747-4ABB-AA17-4B435B8A7141} = {F79A2297-C21E-4CF8-8626-48B6F87AFA2A}
		{066FC305-4DA7-4244-8965-0FC269F316FA} = {F79A2297-C21E-4CF8-8626-48B6F87AFA2A}
		{DD3C6A95-F1A6-4772-B2A6-8CA73996A948} = {F79A2297-C21E-4CF8-8626-48B6F87AFA2A}
		{73DF12AD-D59C-4BB0-8A14-E16043C3D2FE} = {E6ED75C2-7A82-4D9B-856A-6AA87108B96E}
		{6FC63E51-DDA0-4214-BF91-7A4456D91F0B} = {E6ED75C2-7A82-4D9B-856A-6AA87108B96E}
		{CDFB125F-6769-434D-B07A-E51AEF4064D3} = {E6ED75C2-7A82-4D9B-856A-6AA87108B96E}
		{657FF020-81DB-4797-AE18-EF02A0373BA0} = {E6ED75C2-7A82-4D9B-856A-6AA87108B96E}
		{CEA5A8A6-62F4-4BB6-BFE2-D83AD69E3E55} = {7F5D28AA-0258-4ABB-9D79-4A67E386E459}
		{A5C565FD-98DE-4225-BBEC-F6249D0CBBA3} = {7F5D28AA-0258-4ABB-9D79-4A67E386E459}
		{5D478733-A93F-422C-A41A-19529CFD5238} = {7F5D28AA-0258-4ABB-9D79-4A67E386E459}
		{FD29200A-AED0-4772-99E3-C82325868301} = {7F5D28AA-0258-4ABB-9D79-4A67E386E459}
		{6F193617-EE27-4F26-B16F-A357D5858238} = {2E2CB24C-87A7-4D47-84F0-66192A28D7F6}
		{4885D8A7-3DC6-453B-B626-5BE47E573386} = {2E2CB24C-87A7-4D47-84F0-66192A28D7F6}
		{8181CD46-259D-41B0-A62D-BC98206E2BD4} = {2E2CB24C-87A7-4D47-84F0-66192A28D7F6}
		{DE893F76-E34B-4F7E-8267-A2128B6917A3} = {2E2CB24C-87A7-4D47-84F0-66192A28D7F6}
		{5F96AB9B-5CF5-4A74-857B-FA7F81DE8A94} = {C831BC96-7D7E-48D6-B9D9-24883D6522FA}
		{A15AD2D0-4DA9-473D-8B9A-0203296336EC} = {5F96AB9B-5CF5-4A74-857B-FA7F81DE8A94}
	EndGlobalSection
	GlobalSection(ExtensibilityGlobals) = postSolution
		SolutionGuid = {B7444429-D4C3-446B-93B9-96BE9CC6DB5F}
	EndGlobalSection
EndGlobal
